
Microsoft Visual Studio Solution File, Format Version 12.00
# Visual Studio Version 17
VisualStudioVersion = 17.5.33414.496
MinimumVisualStudioVersion = 10.0.40219.1
Project("{FAE04EC0-301F-11D3-BF4B-00C04F79EFBC}") = "4290WebApp", "4290WebApp\4290WebApp.csproj", "{478EDF1C-3AB4-4021-A584-D0E90757FF10}"
EndProject
Global
	GlobalSection(SolutionConfigurationPlatforms) = preSolution
		Debug|Any CPU = Debug|Any CPU
		Release|Any CPU = Release|Any CPU
	EndGlobalSection
	GlobalSection(ProjectConfigurationPlatforms) = postSolution
		{478EDF1C-3AB4-4021-A584-D0E90757FF10}.Debug|Any CPU.ActiveCfg = Debug|Any CPU
		{478EDF1C-3AB4-4021-A584-D0E90757FF10}.Debug|Any CPU.Build.0 = Debug|Any CPU
		{478EDF1C-3AB4-4021-A584-D0E90757FF10}.Release|Any CPU.ActiveCfg = Release|Any CPU
		{478EDF1C-3AB4-4021-A584-D0E90757FF10}.Release|Any CPU.Build.0 = Release|Any CPU
	EndGlobalSection
	GlobalSection(SolutionProperties) = preSolution
		HideSolutionNode = FALSE
	EndGlobalSection
	GlobalSection(ExtensibilityGlobals) = postSolution
		SolutionGuid = {E90D716A-2770-4EBA-8B6C-FDF2DF4D2DEF}
	EndGlobalSection
EndGlobal
